{
  "object": {
    "pins": [
      {
        "package": "CryptoSwift",
        "repositoryURL": "https://github.com/krzyzanowskim/CryptoSwift.git",
        "state": {
          "branch": null,
          "revision": "729e01bc9b9dab466ac85f21fb9ee2bc1c61b258",
          "version": "1.8.4"
        }
      }
    ]
  },
  "version": 1
}
